
Microsoft Visual Studio Solution File, Format Version 12.00
# Visual Studio 15
VisualStudioVersion = 15.0.27130.2020
MinimumVisualStudioVersion = 10.0.40219.1
Project("{9A19103F-16F7-4668-BE54-9A1E7A4F7556}") = "BiblioPopApp.Dominio", "BiblioPopApp.Dominio\BiblioPopApp.Dominio.csproj", "{79399AAB-22D2-4425-A26A-BB9ED6A0B0A4}"
EndProject
Project("{9A19103F-16F7-4668-BE54-9A1E7A4F7556}") = "BiblioPopApp.Base", "BiblioPopApp.Base\BiblioPopApp.Base.csproj", "{30FE80E5-08F9-4206-B7F0-7BAD5CCAF1B4}"
EndProject
Project("{9A19103F-16F7-4668-BE54-9A1E7A4F7556}") = "BiblioPopApp.Aplicacao", "BiblioPopApp.Aplicacao\BiblioPopApp.Aplicacao.csproj", "{0BF54467-F2F0-4F2D-BBB2-8028298EDD7A}"
EndProject
Project("{FAE04EC0-301F-11D3-BF4B-00C04F79EFBC}") = "BiblioPopAppWindowsForm", "BiblioPopApp\BiblioPopAppWindowsForm.csproj", "{237CA582-9ADA-4BBC-969F-638A7A3EF972}"
EndProject
Project("{FAE04EC0-301F-11D3-BF4B-00C04F79EFBC}") = "BiblioPopApp.RepositorioNetFull", "BiblioPopApp.RepositorioNetFull\BiblioPopApp.RepositorioNetFull.csproj", "{7C099486-1D74-4432-8FA2-3614D253BC11}"
EndProject
Project("{9A19103F-16F7-4668-BE54-9A1E7A4F7556}") = "BiblioPopApp.RepositorioNetCore", "BiblioPopApp.RepositorioNetCore\BiblioPopApp.RepositorioNetCore.csproj", "{0FED988D-4E77-4527-9B19-C6F3BF17E013}"
EndProject
Project("{9A19103F-16F7-4668-BE54-9A1E7A4F7556}") = "BiblioPopApp.ControleDependenciaNetCore", "BiblioPopApp.ControleDependenciaNetCore\BiblioPopApp.ControleDependenciaNetCore.csproj", "{D941846A-5F1F-4567-A294-A2FF98BA78DA}"
EndProject
Project("{FAE04EC0-301F-11D3-BF4B-00C04F79EFBC}") = "BiblioPopApp.ControleDependenciaNetFull", "BiblioPopApp.ControleDependenciaNetFull\BiblioPopApp.ControleDependenciaNetFull.csproj", "{BC8736B2-26A8-4489-91B4-A6D01D7E99F2}"
EndProject
Project("{2150E333-8FDC-42A3-9474-1A3956D46DE8}") = "1. Apresentação", "1. Apresentação", "{F908D05D-E025-41FB-99A7-3A9C50F0EBD3}"
EndProject
Project("{2150E333-8FDC-42A3-9474-1A3956D46DE8}") = "2. Aplicação", "2. Aplicação", "{7F724EF4-AB9B-409A-AD2E-D1A54E0F080E}"
EndProject
Project("{2150E333-8FDC-42A3-9474-1A3956D46DE8}") = "3. Domínio", "3. Domínio", "{B3B7E664-8856-41EE-B41C-314B37ABF3D4}"
EndProject
Project("{2150E333-8FDC-42A3-9474-1A3956D46DE8}") = "5. Serviços", "5. Serviços", "{0B66DABE-A060-4200-8897-34DE97FA4F9A}"
EndProject
Project("{2150E333-8FDC-42A3-9474-1A3956D46DE8}") = "4. Base", "4. Base", "{4CC9F436-8EA6-46B6-B440-F5FB62CCFCEA}"
EndProject
Project("{2150E333-8FDC-42A3-9474-1A3956D46DE8}") = "1. Repositórios", "1. Repositórios", "{00DB491E-F8A4-4221-ACDC-5CC46EB085A9}"
EndProject
Project("{2150E333-8FDC-42A3-9474-1A3956D46DE8}") = "2. Controle de Dependência", "2. Controle de Dependência", "{D8B053E3-D731-4CAD-BBF5-D489992EF153}"
EndProject
Global
	GlobalSection(SolutionConfigurationPlatforms) = preSolution
		Debug|Any CPU = Debug|Any CPU
		Debug|ARM = Debug|ARM
		Debug|x64 = Debug|x64
		Debug|x86 = Debug|x86
		Release|Any CPU = Release|Any CPU
		Release|ARM = Release|ARM
		Release|x64 = Release|x64
		Release|x86 = Release|x86
	EndGlobalSection
	GlobalSection(ProjectConfigurationPlatforms) = postSolution
		{79399AAB-22D2-4425-A26A-BB9ED6A0B0A4}.Debug|Any CPU.ActiveCfg = Debug|Any CPU
		{79399AAB-22D2-4425-A26A-BB9ED6A0B0A4}.Debug|Any CPU.Build.0 = Debug|Any CPU
		{79399AAB-22D2-4425-A26A-BB9ED6A0B0A4}.Debug|ARM.ActiveCfg = Debug|Any CPU
		{79399AAB-22D2-4425-A26A-BB9ED6A0B0A4}.Debug|ARM.Build.0 = Debug|Any CPU
		{79399AAB-22D2-4425-A26A-BB9ED6A0B0A4}.Debug|x64.ActiveCfg = Debug|Any CPU
		{79399AAB-22D2-4425-A26A-BB9ED6A0B0A4}.Debug|x64.Build.0 = Debug|Any CPU
		{79399AAB-22D2-4425-A26A-BB9ED6A0B0A4}.Debug|x86.ActiveCfg = Debug|Any CPU
		{79399AAB-22D2-4425-A26A-BB9ED6A0B0A4}.Debug|x86.Build.0 = Debug|Any CPU
		{79399AAB-22D2-4425-A26A-BB9ED6A0B0A4}.Release|Any CPU.ActiveCfg = Release|Any CPU
		{79399AAB-22D2-4425-A26A-BB9ED6A0B0A4}.Release|Any CPU.Build.0 = Release|Any CPU
		{79399AAB-22D2-4425-A26A-BB9ED6A0B0A4}.Release|ARM.ActiveCfg = Release|Any CPU
		{79399AAB-22D2-4425-A26A-BB9ED6A0B0A4}.Release|ARM.Build.0 = Release|Any CPU
		{79399AAB-22D2-4425-A26A-BB9ED6A0B0A4}.Release|x64.ActiveCfg = Release|Any CPU
		{79399AAB-22D2-4425-A26A-BB9ED6A0B0A4}.Release|x64.Build.0 = Release|Any CPU
		{79399AAB-22D2-4425-A26A-BB9ED6A0B0A4}.Release|x86.ActiveCfg = Release|Any CPU
		{79399AAB-22D2-4425-A26A-BB9ED6A0B0A4}.Release|x86.Build.0 = Release|Any CPU
		{30FE80E5-08F9-4206-B7F0-7BAD5CCAF1B4}.Debug|Any CPU.ActiveCfg = Debug|Any CPU
		{30FE80E5-08F9-4206-B7F0-7BAD5CCAF1B4}.Debug|Any CPU.Build.0 = Debug|Any CPU
		{30FE80E5-08F9-4206-B7F0-7BAD5CCAF1B4}.Debug|ARM.ActiveCfg = Debug|Any CPU
		{30FE80E5-08F9-4206-B7F0-7BAD5CCAF1B4}.Debug|ARM.Build.0 = Debug|Any CPU
		{30FE80E5-08F9-4206-B7F0-7BAD5CCAF1B4}.Debug|x64.ActiveCfg = Debug|Any CPU
		{30FE80E5-08F9-4206-B7F0-7BAD5CCAF1B4}.Debug|x64.Build.0 = Debug|Any CPU
		{30FE80E5-08F9-4206-B7F0-7BAD5CCAF1B4}.Debug|x86.ActiveCfg = Debug|Any CPU
		{30FE80E5-08F9-4206-B7F0-7BAD5CCAF1B4}.Debug|x86.Build.0 = Debug|Any CPU
		{30FE80E5-08F9-4206-B7F0-7BAD5CCAF1B4}.Release|Any CPU.ActiveCfg = Release|Any CPU
		{30FE80E5-08F9-4206-B7F0-7BAD5CCAF1B4}.Release|Any CPU.Build.0 = Release|Any CPU
		{30FE80E5-08F9-4206-B7F0-7BAD5CCAF1B4}.Release|ARM.ActiveCfg = Release|Any CPU
		{30FE80E5-08F9-4206-B7F0-7BAD5CCAF1B4}.Release|ARM.Build.0 = Release|Any CPU
		{30FE80E5-08F9-4206-B7F0-7BAD5CCAF1B4}.Release|x64.ActiveCfg = Release|Any CPU
		{30FE80E5-08F9-4206-B7F0-7BAD5CCAF1B4}.Release|x64.Build.0 = Release|Any CPU
		{30FE80E5-08F9-4206-B7F0-7BAD5CCAF1B4}.Release|x86.ActiveCfg = Release|Any CPU
		{30FE80E5-08F9-4206-B7F0-7BAD5CCAF1B4}.Release|x86.Build.0 = Release|Any CPU
		{0BF54467-F2F0-4F2D-BBB2-8028298EDD7A}.Debug|Any CPU.ActiveCfg = Debug|Any CPU
		{0BF54467-F2F0-4F2D-BBB2-8028298EDD7A}.Debug|Any CPU.Build.0 = Debug|Any CPU
		{0BF54467-F2F0-4F2D-BBB2-8028298EDD7A}.Debug|ARM.ActiveCfg = Debug|Any CPU
		{0BF54467-F2F0-4F2D-BBB2-8028298EDD7A}.Debug|ARM.Build.0 = Debug|Any CPU
		{0BF54467-F2F0-4F2D-BBB2-8028298EDD7A}.Debug|x64.ActiveCfg = Debug|Any CPU
		{0BF54467-F2F0-4F2D-BBB2-8028298EDD7A}.Debug|x64.Build.0 = Debug|Any CPU
		{0BF54467-F2F0-4F2D-BBB2-8028298EDD7A}.Debug|x86.ActiveCfg = Debug|Any CPU
		{0BF54467-F2F0-4F2D-BBB2-8028298EDD7A}.Debug|x86.Build.0 = Debug|Any CPU
		{0BF54467-F2F0-4F2D-BBB2-8028298EDD7A}.Release|Any CPU.ActiveCfg = Release|Any CPU
		{0BF54467-F2F0-4F2D-BBB2-8028298EDD7A}.Release|Any CPU.Build.0 = Release|Any CPU
		{0BF54467-F2F0-4F2D-BBB2-8028298EDD7A}.Release|ARM.ActiveCfg = Release|Any CPU
		{0BF54467-F2F0-4F2D-BBB2-8028298EDD7A}.Release|ARM.Build.0 = Release|Any CPU
		{0BF54467-F2F0-4F2D-BBB2-8028298EDD7A}.Release|x64.ActiveCfg = Release|Any CPU
		{0BF54467-F2F0-4F2D-BBB2-8028298EDD7A}.Release|x64.Build.0 = Release|Any CPU
		{0BF54467-F2F0-4F2D-BBB2-8028298EDD7A}.Release|x86.ActiveCfg = Release|Any CPU
		{0BF54467-F2F0-4F2D-BBB2-8028298EDD7A}.Release|x86.Build.0 = Release|Any CPU
		{237CA582-9ADA-4BBC-969F-638A7A3EF972}.Debug|Any CPU.ActiveCfg = Debug|Any CPU
		{237CA582-9ADA-4BBC-969F-638A7A3EF972}.Debug|Any CPU.Build.0 = Debug|Any CPU
		{237CA582-9ADA-4BBC-969F-638A7A3EF972}.Debug|ARM.ActiveCfg = Debug|Any CPU
		{237CA582-9ADA-4BBC-969F-638A7A3EF972}.Debug|ARM.Build.0 = Debug|Any CPU
		{237CA582-9ADA-4BBC-969F-638A7A3EF972}.Debug|x64.ActiveCfg = Debug|Any CPU
		{237CA582-9ADA-4BBC-969F-638A7A3EF972}.Debug|x64.Build.0 = Debug|Any CPU
		{237CA582-9ADA-4BBC-969F-638A7A3EF972}.Debug|x86.ActiveCfg = Debug|Any CPU
		{237CA582-9ADA-4BBC-969F-638A7A3EF972}.Debug|x86.Build.0 = Debug|Any CPU
		{237CA582-9ADA-4BBC-969F-638A7A3EF972}.Release|Any CPU.ActiveCfg = Release|Any CPU
		{237CA582-9ADA-4BBC-969F-638A7A3EF972}.Release|Any CPU.Build.0 = Release|Any CPU
		{237CA582-9ADA-4BBC-969F-638A7A3EF972}.Release|ARM.ActiveCfg = Release|Any CPU
		{237CA582-9ADA-4BBC-969F-638A7A3EF972}.Release|ARM.Build.0 = Release|Any CPU
		{237CA582-9ADA-4BBC-969F-638A7A3EF972}.Release|x64.ActiveCfg = Release|Any CPU
		{237CA582-9ADA-4BBC-969F-638A7A3EF972}.Release|x64.Build.0 = Release|Any CPU
		{237CA582-9ADA-4BBC-969F-638A7A3EF972}.Release|x86.ActiveCfg = Release|Any CPU
		{237CA582-9ADA-4BBC-969F-638A7A3EF972}.Release|x86.Build.0 = Release|Any CPU
		{7C099486-1D74-4432-8FA2-3614D253BC11}.Debug|Any CPU.ActiveCfg = Debug|Any CPU
		{7C099486-1D74-4432-8FA2-3614D253BC11}.Debug|Any CPU.Build.0 = Debug|Any CPU
		{7C099486-1D74-4432-8FA2-3614D253BC11}.Debug|ARM.ActiveCfg = Debug|Any CPU
		{7C099486-1D74-4432-8FA2-3614D253BC11}.Debug|ARM.Build.0 = Debug|Any CPU
		{7C099486-1D74-4432-8FA2-3614D253BC11}.Debug|x64.ActiveCfg = Debug|Any CPU
		{7C099486-1D74-4432-8FA2-3614D253BC11}.Debug|x64.Build.0 = Debug|Any CPU
		{7C099486-1D74-4432-8FA2-3614D253BC11}.Debug|x86.ActiveCfg = Debug|Any CPU
		{7C099486-1D74-4432-8FA2-3614D253BC11}.Debug|x86.Build.0 = Debug|Any CPU
		{7C099486-1D74-4432-8FA2-3614D253BC11}.Release|Any CPU.ActiveCfg = Release|Any CPU
		{7C099486-1D74-4432-8FA2-3614D253BC11}.Release|Any CPU.Build.0 = Release|Any CPU
		{7C099486-1D74-4432-8FA2-3614D253BC11}.Release|ARM.ActiveCfg = Release|Any CPU
		{7C099486-1D74-4432-8FA2-3614D253BC11}.Release|ARM.Build.0 = Release|Any CPU
		{7C099486-1D74-4432-8FA2-3614D253BC11}.Release|x64.ActiveCfg = Release|Any CPU
		{7C099486-1D74-4432-8FA2-3614D253BC11}.Release|x64.Build.0 = Release|Any CPU
		{7C099486-1D74-4432-8FA2-3614D253BC11}.Release|x86.ActiveCfg = Release|Any CPU
		{7C099486-1D74-4432-8FA2-3614D253BC11}.Release|x86.Build.0 = Release|Any CPU
		{0FED988D-4E77-4527-9B19-C6F3BF17E013}.Debug|Any CPU.ActiveCfg = Debug|Any CPU
		{0FED988D-4E77-4527-9B19-C6F3BF17E013}.Debug|Any CPU.Build.0 = Debug|Any CPU
		{0FED988D-4E77-4527-9B19-C6F3BF17E013}.Debug|ARM.ActiveCfg = Debug|Any CPU
		{0FED988D-4E77-4527-9B19-C6F3BF17E013}.Debug|ARM.Build.0 = Debug|Any CPU
		{0FED988D-4E77-4527-9B19-C6F3BF17E013}.Debug|x64.ActiveCfg = Debug|Any CPU
		{0FED988D-4E77-4527-9B19-C6F3BF17E013}.Debug|x64.Build.0 = Debug|Any CPU
		{0FED988D-4E77-4527-9B19-C6F3BF17E013}.Debug|x86.ActiveCfg = Debug|Any CPU
		{0FED988D-4E77-4527-9B19-C6F3BF17E013}.Debug|x86.Build.0 = Debug|Any CPU
		{0FED988D-4E77-4527-9B19-C6F3BF17E013}.Release|Any CPU.ActiveCfg = Release|Any CPU
		{0FED988D-4E77-4527-9B19-C6F3BF17E013}.Release|Any CPU.Build.0 = Release|Any CPU
		{0FED988D-4E77-4527-9B19-C6F3BF17E013}.Release|ARM.ActiveCfg = Release|Any CPU
		{0FED988D-4E77-4527-9B19-C6F3BF17E013}.Release|ARM.Build.0 = Release|Any CPU
		{0FED988D-4E77-4527-9B19-C6F3BF17E013}.Release|x64.ActiveCfg = Release|Any CPU
		{0FED988D-4E77-4527-9B19-C6F3BF17E013}.Release|x64.Build.0 = Release|Any CPU
		{0FED988D-4E77-4527-9B19-C6F3BF17E013}.Release|x86.ActiveCfg = Release|Any CPU
		{0FED988D-4E77-4527-9B19-C6F3BF17E013}.Release|x86.Build.0 = Release|Any CPU
		{D941846A-5F1F-4567-A294-A2FF98BA78DA}.Debug|Any CPU.ActiveCfg = Debug|Any CPU
		{D941846A-5F1F-4567-A294-A2FF98BA78DA}.Debug|Any CPU.Build.0 = Debug|Any CPU
		{D941846A-5F1F-4567-A294-A2FF98BA78DA}.Debug|ARM.ActiveCfg = Debug|Any CPU
		{D941846A-5F1F-4567-A294-A2FF98BA78DA}.Debug|ARM.Build.0 = Debug|Any CPU
		{D941846A-5F1F-4567-A294-A2FF98BA78DA}.Debug|x64.ActiveCfg = Debug|Any CPU
		{D941846A-5F1F-4567-A294-A2FF98BA78DA}.Debug|x64.Build.0 = Debug|Any CPU
		{D941846A-5F1F-4567-A294-A2FF98BA78DA}.Debug|x86.ActiveCfg = Debug|Any CPU
		{D941846A-5F1F-4567-A294-A2FF98BA78DA}.Debug|x86.Build.0 = Debug|Any CPU
		{D941846A-5F1F-4567-A294-A2FF98BA78DA}.Release|Any CPU.ActiveCfg = Release|Any CPU
		{D941846A-5F1F-4567-A294-A2FF98BA78DA}.Release|Any CPU.Build.0 = Release|Any CPU
		{D941846A-5F1F-4567-A294-A2FF98BA78DA}.Release|ARM.ActiveCfg = Release|Any CPU
		{D941846A-5F1F-4567-A294-A2FF98BA78DA}.Release|ARM.Build.0 = Release|Any CPU
		{D941846A-5F1F-4567-A294-A2FF98BA78DA}.Release|x64.ActiveCfg = Release|Any CPU
		{D941846A-5F1F-4567-A294-A2FF98BA78DA}.Release|x64.Build.0 = Release|Any CPU
		{D941846A-5F1F-4567-A294-A2FF98BA78DA}.Release|x86.ActiveCfg = Release|Any CPU
		{D941846A-5F1F-4567-A294-A2FF98BA78DA}.Release|x86.Build.0 = Release|Any CPU
		{BC8736B2-26A8-4489-91B4-A6D01D7E99F2}.Debug|Any CPU.ActiveCfg = Debug|Any CPU
		{BC8736B2-26A8-4489-91B4-A6D01D7E99F2}.Debug|Any CPU.Build.0 = Debug|Any CPU
		{BC8736B2-26A8-4489-91B4-A6D01D7E99F2}.Debug|ARM.ActiveCfg = Debug|Any CPU
		{BC8736B2-26A8-4489-91B4-A6D01D7E99F2}.Debug|ARM.Build.0 = Debug|Any CPU
		{BC8736B2-26A8-4489-91B4-A6D01D7E99F2}.Debug|x64.ActiveCfg = Debug|Any CPU
		{BC8736B2-26A8-4489-91B4-A6D01D7E99F2}.Debug|x64.Build.0 = Debug|Any CPU
		{BC8736B2-26A8-4489-91B4-A6D01D7E99F2}.Debug|x86.ActiveCfg = Debug|Any CPU
		{BC8736B2-26A8-4489-91B4-A6D01D7E99F2}.Debug|x86.Build.0 = Debug|Any CPU
		{BC8736B2-26A8-4489-91B4-A6D01D7E99F2}.Release|Any CPU.ActiveCfg = Release|Any CPU
		{BC8736B2-26A8-4489-91B4-A6D01D7E99F2}.Release|Any CPU.Build.0 = Release|Any CPU
		{BC8736B2-26A8-4489-91B4-A6D01D7E99F2}.Release|ARM.ActiveCfg = Release|Any CPU
		{BC8736B2-26A8-4489-91B4-A6D01D7E99F2}.Release|ARM.Build.0 = Release|Any CPU
		{BC8736B2-26A8-4489-91B4-A6D01D7E99F2}.Release|x64.ActiveCfg = Release|Any CPU
		{BC8736B2-26A8-4489-91B4-A6D01D7E99F2}.Release|x64.Build.0 = Release|Any CPU
		{BC8736B2-26A8-4489-91B4-A6D01D7E99F2}.Release|x86.ActiveCfg = Release|Any CPU
		{BC8736B2-26A8-4489-91B4-A6D01D7E99F2}.Release|x86.Build.0 = Release|Any CPU
	EndGlobalSection
	GlobalSection(SolutionProperties) = preSolution
		HideSolutionNode = FALSE
	EndGlobalSection
	GlobalSection(NestedProjects) = preSolution
		{79399AAB-22D2-4425-A26A-BB9ED6A0B0A4} = {B3B7E664-8856-41EE-B41C-314B37ABF3D4}
		{30FE80E5-08F9-4206-B7F0-7BAD5CCAF1B4} = {4CC9F436-8EA6-46B6-B440-F5FB62CCFCEA}
		{0BF54467-F2F0-4F2D-BBB2-8028298EDD7A} = {7F724EF4-AB9B-409A-AD2E-D1A54E0F080E}
		{237CA582-9ADA-4BBC-969F-638A7A3EF972} = {F908D05D-E025-41FB-99A7-3A9C50F0EBD3}
		{7C099486-1D74-4432-8FA2-3614D253BC11} = {00DB491E-F8A4-4221-ACDC-5CC46EB085A9}
		{0FED988D-4E77-4527-9B19-C6F3BF17E013} = {00DB491E-F8A4-4221-ACDC-5CC46EB085A9}
		{D941846A-5F1F-4567-A294-A2FF98BA78DA} = {D8B053E3-D731-4CAD-BBF5-D489992EF153}
		{BC8736B2-26A8-4489-91B4-A6D01D7E99F2} = {D8B053E3-D731-4CAD-BBF5-D489992EF153}
		{00DB491E-F8A4-4221-ACDC-5CC46EB085A9} = {0B66DABE-A060-4200-8897-34DE97FA4F9A}
		{D8B053E3-D731-4CAD-BBF5-D489992EF153} = {0B66DABE-A060-4200-8897-34DE97FA4F9A}
	EndGlobalSection
	GlobalSection(ExtensibilityGlobals) = postSolution
		SolutionGuid = {C2D811CD-2B14-423E-99A5-542AF1CFDE5C}
	EndGlobalSection
EndGlobal
